{
  "lockfileVersion": 1,
  "workspaces": {
    "": {
      "name": "mcp-youtube-transcript-server",
      "dependencies": {
        "youtube-transcript-plus": "^1.1.2",
      },
      "devDependencies": {
        "@types/node": "^20.0.0",
        "typescript": "^5.0.0",
      },
    },
  },
  "packages": {
    "@types/node": ["@types/node@20.19.10", "", { "dependencies": { "undici-types": "~6.21.0" } }, "sha512-iAFpG6DokED3roLSP0K+ybeDdIX6Bc0Vd3mLW5uDqThPWtNos3E+EqOM11mPQHKzfWHqEBuLjIlsBQQ8CsISmQ=="],

    "typescript": ["typescript@5.8.3", "", { "bin": { "tsc": "bin/tsc", "tsserver": "bin/tsserver" } }, "sha512-p1diW6TqL9L07nNxvRMM7hMMw4c5XOo/1ibL4aAIGmSAt9slTE1Xgw5KWuof2uTOvCg9BY7ZRi+GaF+7sfgPeQ=="],

    "undici-types": ["undici-types@6.21.0", "", {}, "sha512-iwDZqg0QAGrg9Rav5H4n0M64c3mkR59cJ6wQp+7C4nI0gsmExaedaYLNO44eT4AtBBwjbTiGPMlt2Md0T9H9JQ=="],

    "youtube-transcript-plus": ["youtube-transcript-plus@1.1.2", "", {}, "sha512-bLlqkA6gVVUorZpcc+THuECXyAwOpnHqW2lOav9g6gGovxAP3FCD8s9GBFVjmSl3cWWwwPPXtG/zY1nD+GvQ7A=="],
  }
}
